
Microsoft Visual Studio Solution File, Format Version 12.00
# Visual Studio Version 17
VisualStudioVersion = 17.0.31903.59
MinimumVisualStudioVersion = 10.0.40219.1
Project("{FAE04EC0-301F-11D3-BF4B-00C04F79EFBC}") = "TextJusti.Console", "TextJusti.Console\TextJusti.Console.csproj", "{46F94150-FB0A-4B4F-B9DF-0B9C2FFB6B8E}"
EndProject
Project("{FAE04EC0-301F-11D3-BF4B-00C04F79EFBC}") = "TextJusti.XUnit_Tests", "TextJusti.XUnit_Tests\TextJusti.XUnit_Tests.csproj", "{31B39F42-E3B4-474B-B671-34C6DCFDC171}"
EndProject
Global
	GlobalSection(SolutionConfigurationPlatforms) = preSolution
		Debug|Any CPU = Debug|Any CPU
		Release|Any CPU = Release|Any CPU
	EndGlobalSection
	GlobalSection(SolutionProperties) = preSolution
		HideSolutionNode = FALSE
	EndGlobalSection
	GlobalSection(ProjectConfigurationPlatforms) = postSolution
		{46F94150-FB0A-4B4F-B9DF-0B9C2FFB6B8E}.Debug|Any CPU.ActiveCfg = Debug|Any CPU
		{46F94150-FB0A-4B4F-B9DF-0B9C2FFB6B8E}.Debug|Any CPU.Build.0 = Debug|Any CPU
		{46F94150-FB0A-4B4F-B9DF-0B9C2FFB6B8E}.Release|Any CPU.ActiveCfg = Release|Any CPU
		{46F94150-FB0A-4B4F-B9DF-0B9C2FFB6B8E}.Release|Any CPU.Build.0 = Release|Any CPU
		{31B39F42-E3B4-474B-B671-34C6DCFDC171}.Debug|Any CPU.ActiveCfg = Debug|Any CPU
		{31B39F42-E3B4-474B-B671-34C6DCFDC171}.Debug|Any CPU.Build.0 = Debug|Any CPU
		{31B39F42-E3B4-474B-B671-34C6DCFDC171}.Release|Any CPU.ActiveCfg = Release|Any CPU
		{31B39F42-E3B4-474B-B671-34C6DCFDC171}.Release|Any CPU.Build.0 = Release|Any CPU
	EndGlobalSection
EndGlobal
