
Microsoft Visual Studio Solution File, Format Version 12.00
# Visual Studio Version 17
VisualStudioVersion = 17.0.31903.59
MinimumVisualStudioVersion = 10.0.40219.1
Project("{FAE04EC0-301F-11D3-BF4B-00C04F79EFBC}") = "TestCode2", "TestCode2.csproj", "{1A2497F0-834F-455B-873C-5513A4703DF3}"
EndProject
Project("{FAE04EC0-301F-11D3-BF4B-00C04F79EFBC}") = "IncrementWordCountInDictionary", "..\cv-06~no.07-IncrementWordCountInDictionary\IncrementWordCountInDictionary.csproj", "{8AD68D89-2265-45D2-BD8A-D137A86599DF}"
EndProject
Global
	GlobalSection(SolutionConfigurationPlatforms) = preSolution
		Debug|Any CPU = Debug|Any CPU
		Release|Any CPU = Release|Any CPU
	EndGlobalSection
	GlobalSection(SolutionProperties) = preSolution
		HideSolutionNode = FALSE
	EndGlobalSection
	GlobalSection(ProjectConfigurationPlatforms) = postSolution
		{1A2497F0-834F-455B-873C-5513A4703DF3}.Debug|Any CPU.ActiveCfg = Debug|Any CPU
		{1A2497F0-834F-455B-873C-5513A4703DF3}.Debug|Any CPU.Build.0 = Debug|Any CPU
		{1A2497F0-834F-455B-873C-5513A4703DF3}.Release|Any CPU.ActiveCfg = Release|Any CPU
		{1A2497F0-834F-455B-873C-5513A4703DF3}.Release|Any CPU.Build.0 = Release|Any CPU
		{8AD68D89-2265-45D2-BD8A-D137A86599DF}.Debug|Any CPU.ActiveCfg = Debug|Any CPU
		{8AD68D89-2265-45D2-BD8A-D137A86599DF}.Debug|Any CPU.Build.0 = Debug|Any CPU
		{8AD68D89-2265-45D2-BD8A-D137A86599DF}.Release|Any CPU.ActiveCfg = Release|Any CPU
		{8AD68D89-2265-45D2-BD8A-D137A86599DF}.Release|Any CPU.Build.0 = Release|Any CPU
	EndGlobalSection
EndGlobal
