
Microsoft Visual Studio Solution File, Format Version 12.00
# Visual Studio Version 17
VisualStudioVersion = 17.6.33829.357
MinimumVisualStudioVersion = 10.0.40219.1
Project("{FAE04EC0-301F-11D3-BF4B-00C04F79EFBC}") = "TokenProcessingFrameworkSimplified", "TokenProcessingFrameworkSimplified\TokenProcessingFrameworkSimplified.csproj", "{6EF15846-F886-414E-A756-6CF6E795EC98}"
EndProject
Project("{FAE04EC0-301F-11D3-BF4B-00C04F79EFBC}") = "TokenProcessingFrameworkSimplified_UnitTests", "TokenProcessingFrameworkSimplified_UnitTests\TokenProcessingFrameworkSimplified_UnitTests.csproj", "{D39E722A-E0E3-4153-8B98-66917E3D84E6}"
EndProject
Global
	GlobalSection(SolutionConfigurationPlatforms) = preSolution
		Debug|Any CPU = Debug|Any CPU
		Release|Any CPU = Release|Any CPU
	EndGlobalSection
	GlobalSection(ProjectConfigurationPlatforms) = postSolution
		{6EF15846-F886-414E-A756-6CF6E795EC98}.Debug|Any CPU.ActiveCfg = Debug|Any CPU
		{6EF15846-F886-414E-A756-6CF6E795EC98}.Debug|Any CPU.Build.0 = Debug|Any CPU
		{6EF15846-F886-414E-A756-6CF6E795EC98}.Release|Any CPU.ActiveCfg = Release|Any CPU
		{6EF15846-F886-414E-A756-6CF6E795EC98}.Release|Any CPU.Build.0 = Release|Any CPU
		{D39E722A-E0E3-4153-8B98-66917E3D84E6}.Debug|Any CPU.ActiveCfg = Debug|Any CPU
		{D39E722A-E0E3-4153-8B98-66917E3D84E6}.Debug|Any CPU.Build.0 = Debug|Any CPU
		{D39E722A-E0E3-4153-8B98-66917E3D84E6}.Release|Any CPU.ActiveCfg = Release|Any CPU
		{D39E722A-E0E3-4153-8B98-66917E3D84E6}.Release|Any CPU.Build.0 = Release|Any CPU
	EndGlobalSection
	GlobalSection(SolutionProperties) = preSolution
		HideSolutionNode = FALSE
	EndGlobalSection
	GlobalSection(ExtensibilityGlobals) = postSolution
		SolutionGuid = {B1C4DAFD-0487-4A67-A8A8-CA15ED92BF79}
	EndGlobalSection
EndGlobal
