
Microsoft Visual Studio Solution File, Format Version 12.00
# Visual Studio Version 17
VisualStudioVersion = 17.6.33829.357
MinimumVisualStudioVersion = 10.0.40219.1
Project("{FAE04EC0-301F-11D3-BF4B-00C04F79EFBC}") = "VirtualMethodsVsInterfaceImplementation", "VirtualMethodsVsInterfaceImplementation.csproj", "{836C0A6B-9527-4EBF-81A6-31ED5D807BBA}"
EndProject
Global
	GlobalSection(SolutionConfigurationPlatforms) = preSolution
		Debug|Any CPU = Debug|Any CPU
		Release|Any CPU = Release|Any CPU
	EndGlobalSection
	GlobalSection(ProjectConfigurationPlatforms) = postSolution
		{836C0A6B-9527-4EBF-81A6-31ED5D807BBA}.Debug|Any CPU.ActiveCfg = Debug|Any CPU
		{836C0A6B-9527-4EBF-81A6-31ED5D807BBA}.Debug|Any CPU.Build.0 = Debug|Any CPU
		{836C0A6B-9527-4EBF-81A6-31ED5D807BBA}.Release|Any CPU.ActiveCfg = Release|Any CPU
		{836C0A6B-9527-4EBF-81A6-31ED5D807BBA}.Release|Any CPU.Build.0 = Release|Any CPU
	EndGlobalSection
	GlobalSection(SolutionProperties) = preSolution
		HideSolutionNode = FALSE
	EndGlobalSection
	GlobalSection(ExtensibilityGlobals) = postSolution
		SolutionGuid = {E5B48CE7-673D-47FE-A623-B78C12C4446E}
	EndGlobalSection
EndGlobal
