
Microsoft Visual Studio Solution File, Format Version 12.00
# Visual Studio Version 17
VisualStudioVersion = 17.6.33829.357
MinimumVisualStudioVersion = 10.0.40219.1
Project("{9A19103F-16F7-4668-BE54-9A1E7A4F7556}") = "FileProcessingConsoleAppFramework", "FileProcessingConsoleAppFramework\FileProcessingConsoleAppFramework.csproj", "{4AF2170F-C87E-4897-A6D1-0B2CD06E0BD9}"
EndProject
Project("{9A19103F-16F7-4668-BE54-9A1E7A4F7556}") = "WordProcessingFramework", "WordProcessingFramework\WordProcessingFramework.csproj", "{00108E27-2635-41C9-AFD2-73A64F5026B2}"
EndProject
Project("{9A19103F-16F7-4668-BE54-9A1E7A4F7556}") = "TokenProcessingFramework", "TokenProcessingFramework\TokenProcessingFramework.csproj", "{7A0EA706-A65E-463D-8971-C2C74179CF8E}"
EndProject
Project("{9A19103F-16F7-4668-BE54-9A1E7A4F7556}") = "LegacyWordCounterApp", "LegacyWordCounterApp\LegacyWordCounterApp.csproj", "{DB6D822E-235F-4C54-B9EF-BFECD9F7187D}"
EndProject
Project("{9A19103F-16F7-4668-BE54-9A1E7A4F7556}") = "TableSummatorApp", "TableSummatorApp\TableSummatorApp.csproj", "{EFDBA37C-EA10-492E-88AA-5DE357F5D7C9}"
EndProject
Project("{2150E333-8FDC-42A3-9474-1A3956D46DE8}") = "Apps", "Apps", "{02E38206-6845-401F-B02E-650A0E47E53E}"
EndProject
Project("{2150E333-8FDC-42A3-9474-1A3956D46DE8}") = "Tests", "Tests", "{210CE6E4-DC71-453C-8B32-56A2974519B3}"
EndProject
Project("{9A19103F-16F7-4668-BE54-9A1E7A4F7556}") = "TableSummatorApp_IntegrationTests", "TableSummatorApp_IntegrationTests\TableSummatorApp_IntegrationTests.csproj", "{54C15781-1B31-4735-A1DF-7DE055B87A73}"
EndProject
Global
	GlobalSection(SolutionConfigurationPlatforms) = preSolution
		Debug|Any CPU = Debug|Any CPU
		Release|Any CPU = Release|Any CPU
	EndGlobalSection
	GlobalSection(ProjectConfigurationPlatforms) = postSolution
		{4AF2170F-C87E-4897-A6D1-0B2CD06E0BD9}.Debug|Any CPU.ActiveCfg = Debug|Any CPU
		{4AF2170F-C87E-4897-A6D1-0B2CD06E0BD9}.Debug|Any CPU.Build.0 = Debug|Any CPU
		{4AF2170F-C87E-4897-A6D1-0B2CD06E0BD9}.Release|Any CPU.ActiveCfg = Release|Any CPU
		{4AF2170F-C87E-4897-A6D1-0B2CD06E0BD9}.Release|Any CPU.Build.0 = Release|Any CPU
		{00108E27-2635-41C9-AFD2-73A64F5026B2}.Debug|Any CPU.ActiveCfg = Debug|Any CPU
		{00108E27-2635-41C9-AFD2-73A64F5026B2}.Debug|Any CPU.Build.0 = Debug|Any CPU
		{00108E27-2635-41C9-AFD2-73A64F5026B2}.Release|Any CPU.ActiveCfg = Release|Any CPU
		{00108E27-2635-41C9-AFD2-73A64F5026B2}.Release|Any CPU.Build.0 = Release|Any CPU
		{7A0EA706-A65E-463D-8971-C2C74179CF8E}.Debug|Any CPU.ActiveCfg = Debug|Any CPU
		{7A0EA706-A65E-463D-8971-C2C74179CF8E}.Debug|Any CPU.Build.0 = Debug|Any CPU
		{7A0EA706-A65E-463D-8971-C2C74179CF8E}.Release|Any CPU.ActiveCfg = Release|Any CPU
		{7A0EA706-A65E-463D-8971-C2C74179CF8E}.Release|Any CPU.Build.0 = Release|Any CPU
		{DB6D822E-235F-4C54-B9EF-BFECD9F7187D}.Debug|Any CPU.ActiveCfg = Debug|Any CPU
		{DB6D822E-235F-4C54-B9EF-BFECD9F7187D}.Debug|Any CPU.Build.0 = Debug|Any CPU
		{DB6D822E-235F-4C54-B9EF-BFECD9F7187D}.Release|Any CPU.ActiveCfg = Release|Any CPU
		{DB6D822E-235F-4C54-B9EF-BFECD9F7187D}.Release|Any CPU.Build.0 = Release|Any CPU
		{EFDBA37C-EA10-492E-88AA-5DE357F5D7C9}.Debug|Any CPU.ActiveCfg = Debug|Any CPU
		{EFDBA37C-EA10-492E-88AA-5DE357F5D7C9}.Debug|Any CPU.Build.0 = Debug|Any CPU
		{EFDBA37C-EA10-492E-88AA-5DE357F5D7C9}.Release|Any CPU.ActiveCfg = Release|Any CPU
		{EFDBA37C-EA10-492E-88AA-5DE357F5D7C9}.Release|Any CPU.Build.0 = Release|Any CPU
		{54C15781-1B31-4735-A1DF-7DE055B87A73}.Debug|Any CPU.ActiveCfg = Debug|Any CPU
		{54C15781-1B31-4735-A1DF-7DE055B87A73}.Debug|Any CPU.Build.0 = Debug|Any CPU
		{54C15781-1B31-4735-A1DF-7DE055B87A73}.Release|Any CPU.ActiveCfg = Release|Any CPU
		{54C15781-1B31-4735-A1DF-7DE055B87A73}.Release|Any CPU.Build.0 = Release|Any CPU
	EndGlobalSection
	GlobalSection(SolutionProperties) = preSolution
		HideSolutionNode = FALSE
	EndGlobalSection
	GlobalSection(NestedProjects) = preSolution
		{DB6D822E-235F-4C54-B9EF-BFECD9F7187D} = {02E38206-6845-401F-B02E-650A0E47E53E}
		{EFDBA37C-EA10-492E-88AA-5DE357F5D7C9} = {02E38206-6845-401F-B02E-650A0E47E53E}
		{54C15781-1B31-4735-A1DF-7DE055B87A73} = {210CE6E4-DC71-453C-8B32-56A2974519B3}
	EndGlobalSection
	GlobalSection(ExtensibilityGlobals) = postSolution
		SolutionGuid = {A5CFDBCA-9A17-4EDE-ACD3-4C6970D262A2}
	EndGlobalSection
EndGlobal
